
Microsoft Visual Studio Solution File, Format Version 12.00
# Visual Studio Version 17
VisualStudioVersion = 17.4.33213.308
MinimumVisualStudioVersion = 10.0.40219.1
Project("{FAE04EC0-301F-11D3-BF4B-00C04F79EFBC}") = "CSharpCodingChallenge", "CSharpCodingChallenge\CSharpCodingChallenge.csproj", "{2A7E51D1-0FED-4A53-9464-4F0E66902A16}"
EndProject
Global
	GlobalSection(SolutionConfigurationPlatforms) = preSolution
		Debug|Any CPU = Debug|Any CPU
		Release|Any CPU = Release|Any CPU
	EndGlobalSection
	GlobalSection(ProjectConfigurationPlatforms) = postSolution
		{2A7E51D1-0FED-4A53-9464-4F0E66902A16}.Debug|Any CPU.ActiveCfg = Debug|Any CPU
		{2A7E51D1-0FED-4A53-9464-4F0E66902A16}.Debug|Any CPU.Build.0 = Debug|Any CPU
		{2A7E51D1-0FED-4A53-9464-4F0E66902A16}.Release|Any CPU.ActiveCfg = Release|Any CPU
		{2A7E51D1-0FED-4A53-9464-4F0E66902A16}.Release|Any CPU.Build.0 = Release|Any CPU
	EndGlobalSection
	GlobalSection(SolutionProperties) = preSolution
		HideSolutionNode = FALSE
	EndGlobalSection
	GlobalSection(ExtensibilityGlobals) = postSolution
		SolutionGuid = {A0E3F097-6C7B-4DA9-90E1-AAA1EB7C076D}
	EndGlobalSection
EndGlobal
